
Microsoft Visual Studio Solution File, Format Version 12.00
# Visual Studio Version 16
VisualStudioVersion = 16.0.29025.244
MinimumVisualStudioVersion = 10.0.40219.1
Project("{FAE04EC0-301F-11D3-BF4B-00C04F79EFBC}") = "Class0717_Lab", "Class0717_Lab\Class0717_Lab.csproj", "{F7AE6F95-D670-498A-B852-FE36975BF82D}"
EndProject
Global
	GlobalSection(SolutionConfigurationPlatforms) = preSolution
		Debug|Any CPU = Debug|Any CPU
		Release|Any CPU = Release|Any CPU
	EndGlobalSection
	GlobalSection(ProjectConfigurationPlatforms) = postSolution
		{F7AE6F95-D670-498A-B852-FE36975BF82D}.Debug|Any CPU.ActiveCfg = Debug|Any CPU
		{F7AE6F95-D670-498A-B852-FE36975BF82D}.Debug|Any CPU.Build.0 = Debug|Any CPU
		{F7AE6F95-D670-498A-B852-FE36975BF82D}.Release|Any CPU.ActiveCfg = Release|Any CPU
		{F7AE6F95-D670-498A-B852-FE36975BF82D}.Release|Any CPU.Build.0 = Release|Any CPU
	EndGlobalSection
	GlobalSection(SolutionProperties) = preSolution
		HideSolutionNode = FALSE
	EndGlobalSection
	GlobalSection(ExtensibilityGlobals) = postSolution
		SolutionGuid = {A5A2A111-995C-40C8-B7A9-22306CFDCBAF}
	EndGlobalSection
EndGlobal
