
Microsoft Visual Studio Solution File, Format Version 12.00
# Visual Studio 15
VisualStudioVersion = 15.0.28307.572
MinimumVisualStudioVersion = 10.0.40219.1
Project("{9A19103F-16F7-4668-BE54-9A1E7A4F7556}") = "classexercise0603", "classexercise0603\classexercise0603.csproj", "{C2F88643-E542-4FD2-85D3-9F43C345E9FF}"
EndProject
Project("{9A19103F-16F7-4668-BE54-9A1E7A4F7556}") = "classExercises0603-dictionaries", "..\classExercises0603-dictionaries\classExercises0603-dictionaries.csproj", "{1CF85137-B19C-4B06-9E81-C4EB8FFAE5A8}"
EndProject
Project("{9A19103F-16F7-4668-BE54-9A1E7A4F7556}") = "exercise70", "exercise70\exercise70.csproj", "{31C37192-357A-4CF0-AD29-CB2EDE38154B}"
EndProject
Project("{2150E333-8FDC-42A3-9474-1A3956D46DE8}") = "Solution Items", "Solution Items", "{8192C03F-679A-44F9-9534-B777107F2312}"
	ProjectSection(SolutionItems) = preProject
		exercise70\bin\Debug\netcoreapp2.2\dictionary.txt = exercise70\bin\Debug\netcoreapp2.2\dictionary.txt
	EndProjectSection
EndProject
Global
	GlobalSection(SolutionConfigurationPlatforms) = preSolution
		Debug|Any CPU = Debug|Any CPU
		Release|Any CPU = Release|Any CPU
	EndGlobalSection
	GlobalSection(ProjectConfigurationPlatforms) = postSolution
		{C2F88643-E542-4FD2-85D3-9F43C345E9FF}.Debug|Any CPU.ActiveCfg = Debug|Any CPU
		{C2F88643-E542-4FD2-85D3-9F43C345E9FF}.Debug|Any CPU.Build.0 = Debug|Any CPU
		{C2F88643-E542-4FD2-85D3-9F43C345E9FF}.Release|Any CPU.ActiveCfg = Release|Any CPU
		{C2F88643-E542-4FD2-85D3-9F43C345E9FF}.Release|Any CPU.Build.0 = Release|Any CPU
		{1CF85137-B19C-4B06-9E81-C4EB8FFAE5A8}.Debug|Any CPU.ActiveCfg = Debug|Any CPU
		{1CF85137-B19C-4B06-9E81-C4EB8FFAE5A8}.Debug|Any CPU.Build.0 = Debug|Any CPU
		{1CF85137-B19C-4B06-9E81-C4EB8FFAE5A8}.Release|Any CPU.ActiveCfg = Release|Any CPU
		{1CF85137-B19C-4B06-9E81-C4EB8FFAE5A8}.Release|Any CPU.Build.0 = Release|Any CPU
		{31C37192-357A-4CF0-AD29-CB2EDE38154B}.Debug|Any CPU.ActiveCfg = Debug|Any CPU
		{31C37192-357A-4CF0-AD29-CB2EDE38154B}.Debug|Any CPU.Build.0 = Debug|Any CPU
		{31C37192-357A-4CF0-AD29-CB2EDE38154B}.Release|Any CPU.ActiveCfg = Release|Any CPU
		{31C37192-357A-4CF0-AD29-CB2EDE38154B}.Release|Any CPU.Build.0 = Release|Any CPU
	EndGlobalSection
	GlobalSection(SolutionProperties) = preSolution
		HideSolutionNode = FALSE
	EndGlobalSection
	GlobalSection(ExtensibilityGlobals) = postSolution
		SolutionGuid = {DEE0A19D-E1A4-4F07-9A25-AFECDA6DFEC2}
	EndGlobalSection
EndGlobal
