
Microsoft Visual Studio Solution File, Format Version 12.00
# Visual Studio Version 16
VisualStudioVersion = 16.0.29025.244
MinimumVisualStudioVersion = 10.0.40219.1
Project("{FAE04EC0-301F-11D3-BF4B-00C04F79EFBC}") = "Assessment5b", "Assessment5b\Assessment5b.csproj", "{4F50652C-0D85-4181-8BB2-929A22D55317}"
EndProject
Global
	GlobalSection(SolutionConfigurationPlatforms) = preSolution
		Debug|Any CPU = Debug|Any CPU
		Release|Any CPU = Release|Any CPU
	EndGlobalSection
	GlobalSection(ProjectConfigurationPlatforms) = postSolution
		{4F50652C-0D85-4181-8BB2-929A22D55317}.Debug|Any CPU.ActiveCfg = Debug|Any CPU
		{4F50652C-0D85-4181-8BB2-929A22D55317}.Debug|Any CPU.Build.0 = Debug|Any CPU
		{4F50652C-0D85-4181-8BB2-929A22D55317}.Release|Any CPU.ActiveCfg = Release|Any CPU
		{4F50652C-0D85-4181-8BB2-929A22D55317}.Release|Any CPU.Build.0 = Release|Any CPU
	EndGlobalSection
	GlobalSection(SolutionProperties) = preSolution
		HideSolutionNode = FALSE
	EndGlobalSection
	GlobalSection(ExtensibilityGlobals) = postSolution
		SolutionGuid = {D5109D78-3FA7-45E2-A2A4-C3DFD201F0BF}
	EndGlobalSection
EndGlobal
