
Microsoft Visual Studio Solution File, Format Version 12.00
# Visual Studio Version 16
VisualStudioVersion = 16.0.29025.244
MinimumVisualStudioVersion = 10.0.40219.1
Project("{FAE04EC0-301F-11D3-BF4B-00C04F79EFBC}") = "apiSample", "apiSample\apiSample.csproj", "{6F9696F4-B61F-441C-8358-CC996D03966C}"
EndProject
Global
	GlobalSection(SolutionConfigurationPlatforms) = preSolution
		Debug|Any CPU = Debug|Any CPU
		Release|Any CPU = Release|Any CPU
	EndGlobalSection
	GlobalSection(ProjectConfigurationPlatforms) = postSolution
		{6F9696F4-B61F-441C-8358-CC996D03966C}.Debug|Any CPU.ActiveCfg = Debug|Any CPU
		{6F9696F4-B61F-441C-8358-CC996D03966C}.Debug|Any CPU.Build.0 = Debug|Any CPU
		{6F9696F4-B61F-441C-8358-CC996D03966C}.Release|Any CPU.ActiveCfg = Release|Any CPU
		{6F9696F4-B61F-441C-8358-CC996D03966C}.Release|Any CPU.Build.0 = Release|Any CPU
	EndGlobalSection
	GlobalSection(SolutionProperties) = preSolution
		HideSolutionNode = FALSE
	EndGlobalSection
	GlobalSection(ExtensibilityGlobals) = postSolution
		SolutionGuid = {2A8A8034-E9BF-4C06-9A2A-847189535023}
	EndGlobalSection
EndGlobal
