
Microsoft Visual Studio Solution File, Format Version 12.00
# Visual Studio 15
VisualStudioVersion = 15.0.28307.572
MinimumVisualStudioVersion = 10.0.40219.1
Project("{FAE04EC0-301F-11D3-BF4B-00C04F79EFBC}") = "lab89_students", "lab89_students\lab89_students.csproj", "{9BE2D311-5AEF-4871-A682-3644E82FFC9A}"
EndProject
Global
	GlobalSection(SolutionConfigurationPlatforms) = preSolution
		Debug|Any CPU = Debug|Any CPU
		Release|Any CPU = Release|Any CPU
	EndGlobalSection
	GlobalSection(ProjectConfigurationPlatforms) = postSolution
		{9BE2D311-5AEF-4871-A682-3644E82FFC9A}.Debug|Any CPU.ActiveCfg = Debug|Any CPU
		{9BE2D311-5AEF-4871-A682-3644E82FFC9A}.Debug|Any CPU.Build.0 = Debug|Any CPU
		{9BE2D311-5AEF-4871-A682-3644E82FFC9A}.Release|Any CPU.ActiveCfg = Release|Any CPU
		{9BE2D311-5AEF-4871-A682-3644E82FFC9A}.Release|Any CPU.Build.0 = Release|Any CPU
	EndGlobalSection
	GlobalSection(SolutionProperties) = preSolution
		HideSolutionNode = FALSE
	EndGlobalSection
	GlobalSection(ExtensibilityGlobals) = postSolution
		SolutionGuid = {73733F0D-ECE4-46BD-8D35-01ECA3578E66}
	EndGlobalSection
EndGlobal
