
Microsoft Visual Studio Solution File, Format Version 12.00
# Visual Studio 15
VisualStudioVersion = 15.0.28307.572
MinimumVisualStudioVersion = 10.0.40219.1
Project("{9A19103F-16F7-4668-BE54-9A1E7A4F7556}") = "ConsoleApp1", "ConsoleApp1\ConsoleApp1.csproj", "{46149BC9-3F9E-425B-ABAD-366FF5A38D12}"
EndProject
Project("{9A19103F-16F7-4668-BE54-9A1E7A4F7556}") = "exercise16", "ConsoleApp2\exercise16.csproj", "{428AC971-9474-4B57-87A1-38E53842621B}"
EndProject
Project("{9A19103F-16F7-4668-BE54-9A1E7A4F7556}") = "exercise17", "ConsoleApp3\exercise17.csproj", "{C352B1D5-9137-43DD-B266-795831C6CD7E}"
EndProject
Project("{9A19103F-16F7-4668-BE54-9A1E7A4F7556}") = "classnotes0411", "classnotes0411\classnotes0411.csproj", "{D6985670-2B70-4D6B-8431-15795C140633}"
EndProject
Project("{9A19103F-16F7-4668-BE54-9A1E7A4F7556}") = "exercise18", "exercise18\exercise18.csproj", "{967BD29F-6416-4F96-8991-0444AC2B4EF2}"
EndProject
Project("{9A19103F-16F7-4668-BE54-9A1E7A4F7556}") = "exercise19", "exercise19\exercise19.csproj", "{91182286-EA06-45FF-B836-6D34D5F45068}"
EndProject
Project("{FAE04EC0-301F-11D3-BF4B-00C04F79EFBC}") = "exercise20", "exercise20\exercise20.csproj", "{30826756-CB86-4C1E-9B96-85B16D20146A}"
EndProject
Project("{FAE04EC0-301F-11D3-BF4B-00C04F79EFBC}") = "exercise21-stringbuilder", "exercise21-stringbuilder\exercise21-stringbuilder.csproj", "{C8F4FFBA-D7F5-4A61-93D7-5F248D43DFAB}"
EndProject
Project("{FAE04EC0-301F-11D3-BF4B-00C04F79EFBC}") = "exercise22-number-in-range", "exercise22-number-in-range\exercise22-number-in-range.csproj", "{EC6A1F1A-2233-4A6A-820A-72221A25D75F}"
EndProject
Global
	GlobalSection(SolutionConfigurationPlatforms) = preSolution
		Debug|Any CPU = Debug|Any CPU
		Release|Any CPU = Release|Any CPU
	EndGlobalSection
	GlobalSection(ProjectConfigurationPlatforms) = postSolution
		{46149BC9-3F9E-425B-ABAD-366FF5A38D12}.Debug|Any CPU.ActiveCfg = Debug|Any CPU
		{46149BC9-3F9E-425B-ABAD-366FF5A38D12}.Debug|Any CPU.Build.0 = Debug|Any CPU
		{46149BC9-3F9E-425B-ABAD-366FF5A38D12}.Release|Any CPU.ActiveCfg = Release|Any CPU
		{46149BC9-3F9E-425B-ABAD-366FF5A38D12}.Release|Any CPU.Build.0 = Release|Any CPU
		{428AC971-9474-4B57-87A1-38E53842621B}.Debug|Any CPU.ActiveCfg = Debug|Any CPU
		{428AC971-9474-4B57-87A1-38E53842621B}.Debug|Any CPU.Build.0 = Debug|Any CPU
		{428AC971-9474-4B57-87A1-38E53842621B}.Release|Any CPU.ActiveCfg = Release|Any CPU
		{428AC971-9474-4B57-87A1-38E53842621B}.Release|Any CPU.Build.0 = Release|Any CPU
		{C352B1D5-9137-43DD-B266-795831C6CD7E}.Debug|Any CPU.ActiveCfg = Debug|Any CPU
		{C352B1D5-9137-43DD-B266-795831C6CD7E}.Debug|Any CPU.Build.0 = Debug|Any CPU
		{C352B1D5-9137-43DD-B266-795831C6CD7E}.Release|Any CPU.ActiveCfg = Release|Any CPU
		{C352B1D5-9137-43DD-B266-795831C6CD7E}.Release|Any CPU.Build.0 = Release|Any CPU
		{D6985670-2B70-4D6B-8431-15795C140633}.Debug|Any CPU.ActiveCfg = Debug|Any CPU
		{D6985670-2B70-4D6B-8431-15795C140633}.Debug|Any CPU.Build.0 = Debug|Any CPU
		{D6985670-2B70-4D6B-8431-15795C140633}.Release|Any CPU.ActiveCfg = Release|Any CPU
		{D6985670-2B70-4D6B-8431-15795C140633}.Release|Any CPU.Build.0 = Release|Any CPU
		{967BD29F-6416-4F96-8991-0444AC2B4EF2}.Debug|Any CPU.ActiveCfg = Debug|Any CPU
		{967BD29F-6416-4F96-8991-0444AC2B4EF2}.Debug|Any CPU.Build.0 = Debug|Any CPU
		{967BD29F-6416-4F96-8991-0444AC2B4EF2}.Release|Any CPU.ActiveCfg = Release|Any CPU
		{967BD29F-6416-4F96-8991-0444AC2B4EF2}.Release|Any CPU.Build.0 = Release|Any CPU
		{91182286-EA06-45FF-B836-6D34D5F45068}.Debug|Any CPU.ActiveCfg = Debug|Any CPU
		{91182286-EA06-45FF-B836-6D34D5F45068}.Debug|Any CPU.Build.0 = Debug|Any CPU
		{91182286-EA06-45FF-B836-6D34D5F45068}.Release|Any CPU.ActiveCfg = Release|Any CPU
		{91182286-EA06-45FF-B836-6D34D5F45068}.Release|Any CPU.Build.0 = Release|Any CPU
		{30826756-CB86-4C1E-9B96-85B16D20146A}.Debug|Any CPU.ActiveCfg = Debug|Any CPU
		{30826756-CB86-4C1E-9B96-85B16D20146A}.Debug|Any CPU.Build.0 = Debug|Any CPU
		{30826756-CB86-4C1E-9B96-85B16D20146A}.Release|Any CPU.ActiveCfg = Release|Any CPU
		{30826756-CB86-4C1E-9B96-85B16D20146A}.Release|Any CPU.Build.0 = Release|Any CPU
		{C8F4FFBA-D7F5-4A61-93D7-5F248D43DFAB}.Debug|Any CPU.ActiveCfg = Debug|Any CPU
		{C8F4FFBA-D7F5-4A61-93D7-5F248D43DFAB}.Debug|Any CPU.Build.0 = Debug|Any CPU
		{C8F4FFBA-D7F5-4A61-93D7-5F248D43DFAB}.Release|Any CPU.ActiveCfg = Release|Any CPU
		{C8F4FFBA-D7F5-4A61-93D7-5F248D43DFAB}.Release|Any CPU.Build.0 = Release|Any CPU
		{EC6A1F1A-2233-4A6A-820A-72221A25D75F}.Debug|Any CPU.ActiveCfg = Debug|Any CPU
		{EC6A1F1A-2233-4A6A-820A-72221A25D75F}.Debug|Any CPU.Build.0 = Debug|Any CPU
		{EC6A1F1A-2233-4A6A-820A-72221A25D75F}.Release|Any CPU.ActiveCfg = Release|Any CPU
		{EC6A1F1A-2233-4A6A-820A-72221A25D75F}.Release|Any CPU.Build.0 = Release|Any CPU
	EndGlobalSection
	GlobalSection(SolutionProperties) = preSolution
		HideSolutionNode = FALSE
	EndGlobalSection
	GlobalSection(ExtensibilityGlobals) = postSolution
		SolutionGuid = {5FD48937-8392-4954-8366-919D64FDD3C5}
	EndGlobalSection
EndGlobal
