
Microsoft Visual Studio Solution File, Format Version 12.00
# Visual Studio Version 16
VisualStudioVersion = 16.0.29025.244
MinimumVisualStudioVersion = 10.0.40219.1
Project("{FAE04EC0-301F-11D3-BF4B-00C04F79EFBC}") = "EFGetStarted.AspNetCore.NewDb", "EFGetStarted.AspNetCore.NewDb\EFGetStarted.AspNetCore.NewDb.csproj", "{120363A5-5B1A-4E37-B745-FCB9F548EC4E}"
EndProject
Global
	GlobalSection(SolutionConfigurationPlatforms) = preSolution
		Debug|Any CPU = Debug|Any CPU
		Release|Any CPU = Release|Any CPU
	EndGlobalSection
	GlobalSection(ProjectConfigurationPlatforms) = postSolution
		{120363A5-5B1A-4E37-B745-FCB9F548EC4E}.Debug|Any CPU.ActiveCfg = Debug|Any CPU
		{120363A5-5B1A-4E37-B745-FCB9F548EC4E}.Debug|Any CPU.Build.0 = Debug|Any CPU
		{120363A5-5B1A-4E37-B745-FCB9F548EC4E}.Release|Any CPU.ActiveCfg = Release|Any CPU
		{120363A5-5B1A-4E37-B745-FCB9F548EC4E}.Release|Any CPU.Build.0 = Release|Any CPU
	EndGlobalSection
	GlobalSection(SolutionProperties) = preSolution
		HideSolutionNode = FALSE
	EndGlobalSection
	GlobalSection(ExtensibilityGlobals) = postSolution
		SolutionGuid = {FE00BFC9-D5EF-424C-A8E3-C822749A6124}
	EndGlobalSection
EndGlobal
