
Microsoft Visual Studio Solution File, Format Version 12.00
# Visual Studio 15
VisualStudioVersion = 15.0.28307.572
MinimumVisualStudioVersion = 10.0.40219.1
Project("{FAE04EC0-301F-11D3-BF4B-00C04F79EFBC}") = "classnotes0429", "classnotes0429\classnotes0429.csproj", "{BDAA2959-72F1-46E6-8FB7-FF72284532ED}"
EndProject
Global
	GlobalSection(SolutionConfigurationPlatforms) = preSolution
		Debug|Any CPU = Debug|Any CPU
		Release|Any CPU = Release|Any CPU
	EndGlobalSection
	GlobalSection(ProjectConfigurationPlatforms) = postSolution
		{BDAA2959-72F1-46E6-8FB7-FF72284532ED}.Debug|Any CPU.ActiveCfg = Debug|Any CPU
		{BDAA2959-72F1-46E6-8FB7-FF72284532ED}.Debug|Any CPU.Build.0 = Debug|Any CPU
		{BDAA2959-72F1-46E6-8FB7-FF72284532ED}.Release|Any CPU.ActiveCfg = Release|Any CPU
		{BDAA2959-72F1-46E6-8FB7-FF72284532ED}.Release|Any CPU.Build.0 = Release|Any CPU
	EndGlobalSection
	GlobalSection(SolutionProperties) = preSolution
		HideSolutionNode = FALSE
	EndGlobalSection
	GlobalSection(ExtensibilityGlobals) = postSolution
		SolutionGuid = {A04AB5E4-3E09-4D6C-A3F1-3596FF7DC403}
	EndGlobalSection
EndGlobal
