
Microsoft Visual Studio Solution File, Format Version 12.00
# Visual Studio 15
VisualStudioVersion = 15.0.28307.572
MinimumVisualStudioVersion = 10.0.40219.1
Project("{9A19103F-16F7-4668-BE54-9A1E7A4F7556}") = "classnotes0429", "classnotes0429\classnotes0429.csproj", "{BDAA2959-72F1-46E6-8FB7-FF72284532ED}"
EndProject
Project("{9A19103F-16F7-4668-BE54-9A1E7A4F7556}") = "exercise42-43", "exercise42\exercise42-43.csproj", "{C08A8E81-EC1A-4FA2-9CF8-D7FFCDE21FC7}"
EndProject
Project("{9A19103F-16F7-4668-BE54-9A1E7A4F7556}") = "classnotes0429-oop", "classnotes0429-oop\classnotes0429-oop.csproj", "{759252B0-9479-4AC3-BCE1-EB0A0DBDC459}"
EndProject
Project("{9A19103F-16F7-4668-BE54-9A1E7A4F7556}") = "exercise41", "exercise41\exercise41.csproj", "{E0D12DB1-256E-4F47-BBE2-AB3492CD6EE4}"
EndProject
Project("{9A19103F-16F7-4668-BE54-9A1E7A4F7556}") = "classnotes0501", "classnotes0501\classnotes0501.csproj", "{63B409A7-AA90-4000-BF49-3F915360EFD0}"
EndProject
Project("{9A19103F-16F7-4668-BE54-9A1E7A4F7556}") = "classnotes0501-roomobjects", "classnotes0501-roomobjects\classnotes0501-roomobjects.csproj", "{23116003-A8FB-47BE-B7B3-B45A12568F3F}"
EndProject
Project("{9A19103F-16F7-4668-BE54-9A1E7A4F7556}") = "exercise0501-class", "exercise0501-class\exercise0501-class.csproj", "{CC476C17-C08B-4720-9708-B6359701A911}"
EndProject
Project("{9A19103F-16F7-4668-BE54-9A1E7A4F7556}") = "bonus13", "bonus13\bonus13.csproj", "{00343DD7-DA3D-4D79-B833-9BF3F6D3E2B3}"
EndProject
Project("{9A19103F-16F7-4668-BE54-9A1E7A4F7556}") = "classnotes0502", "classnotes0502\classnotes0502.csproj", "{1704526A-15DC-4B10-882E-DA1840D370DA}"
EndProject
Project("{9A19103F-16F7-4668-BE54-9A1E7A4F7556}") = "exercise0502", "exercise0502\exercise0502.csproj", "{5E6256DB-E0DA-4B1D-B494-7F9F2DD19A2A}"
EndProject
Project("{9A19103F-16F7-4668-BE54-9A1E7A4F7556}") = "exercise55", "exercise55\exercise55.csproj", "{10D2AE25-E518-470C-9395-3B73A50E507F}"
EndProject
Project("{9A19103F-16F7-4668-BE54-9A1E7A4F7556}") = "exercise24", "exercise24\exercise24.csproj", "{BEAECA9F-2695-4EE1-9F8C-05F959B398AF}"
EndProject
Project("{FAE04EC0-301F-11D3-BF4B-00C04F79EFBC}") = "exercise25", "exercise25\exercise25.csproj", "{9AF8A684-8250-4E23-B7DE-A5B66FAE73F7}"
EndProject
Global
	GlobalSection(SolutionConfigurationPlatforms) = preSolution
		Debug|Any CPU = Debug|Any CPU
		Release|Any CPU = Release|Any CPU
	EndGlobalSection
	GlobalSection(ProjectConfigurationPlatforms) = postSolution
		{BDAA2959-72F1-46E6-8FB7-FF72284532ED}.Debug|Any CPU.ActiveCfg = Debug|Any CPU
		{BDAA2959-72F1-46E6-8FB7-FF72284532ED}.Debug|Any CPU.Build.0 = Debug|Any CPU
		{BDAA2959-72F1-46E6-8FB7-FF72284532ED}.Release|Any CPU.ActiveCfg = Release|Any CPU
		{BDAA2959-72F1-46E6-8FB7-FF72284532ED}.Release|Any CPU.Build.0 = Release|Any CPU
		{C08A8E81-EC1A-4FA2-9CF8-D7FFCDE21FC7}.Debug|Any CPU.ActiveCfg = Debug|Any CPU
		{C08A8E81-EC1A-4FA2-9CF8-D7FFCDE21FC7}.Debug|Any CPU.Build.0 = Debug|Any CPU
		{C08A8E81-EC1A-4FA2-9CF8-D7FFCDE21FC7}.Release|Any CPU.ActiveCfg = Release|Any CPU
		{C08A8E81-EC1A-4FA2-9CF8-D7FFCDE21FC7}.Release|Any CPU.Build.0 = Release|Any CPU
		{759252B0-9479-4AC3-BCE1-EB0A0DBDC459}.Debug|Any CPU.ActiveCfg = Debug|Any CPU
		{759252B0-9479-4AC3-BCE1-EB0A0DBDC459}.Debug|Any CPU.Build.0 = Debug|Any CPU
		{759252B0-9479-4AC3-BCE1-EB0A0DBDC459}.Release|Any CPU.ActiveCfg = Release|Any CPU
		{759252B0-9479-4AC3-BCE1-EB0A0DBDC459}.Release|Any CPU.Build.0 = Release|Any CPU
		{E0D12DB1-256E-4F47-BBE2-AB3492CD6EE4}.Debug|Any CPU.ActiveCfg = Debug|Any CPU
		{E0D12DB1-256E-4F47-BBE2-AB3492CD6EE4}.Debug|Any CPU.Build.0 = Debug|Any CPU
		{E0D12DB1-256E-4F47-BBE2-AB3492CD6EE4}.Release|Any CPU.ActiveCfg = Release|Any CPU
		{E0D12DB1-256E-4F47-BBE2-AB3492CD6EE4}.Release|Any CPU.Build.0 = Release|Any CPU
		{63B409A7-AA90-4000-BF49-3F915360EFD0}.Debug|Any CPU.ActiveCfg = Debug|Any CPU
		{63B409A7-AA90-4000-BF49-3F915360EFD0}.Debug|Any CPU.Build.0 = Debug|Any CPU
		{63B409A7-AA90-4000-BF49-3F915360EFD0}.Release|Any CPU.ActiveCfg = Release|Any CPU
		{63B409A7-AA90-4000-BF49-3F915360EFD0}.Release|Any CPU.Build.0 = Release|Any CPU
		{23116003-A8FB-47BE-B7B3-B45A12568F3F}.Debug|Any CPU.ActiveCfg = Debug|Any CPU
		{23116003-A8FB-47BE-B7B3-B45A12568F3F}.Debug|Any CPU.Build.0 = Debug|Any CPU
		{23116003-A8FB-47BE-B7B3-B45A12568F3F}.Release|Any CPU.ActiveCfg = Release|Any CPU
		{23116003-A8FB-47BE-B7B3-B45A12568F3F}.Release|Any CPU.Build.0 = Release|Any CPU
		{CC476C17-C08B-4720-9708-B6359701A911}.Debug|Any CPU.ActiveCfg = Debug|Any CPU
		{CC476C17-C08B-4720-9708-B6359701A911}.Debug|Any CPU.Build.0 = Debug|Any CPU
		{CC476C17-C08B-4720-9708-B6359701A911}.Release|Any CPU.ActiveCfg = Release|Any CPU
		{CC476C17-C08B-4720-9708-B6359701A911}.Release|Any CPU.Build.0 = Release|Any CPU
		{00343DD7-DA3D-4D79-B833-9BF3F6D3E2B3}.Debug|Any CPU.ActiveCfg = Debug|Any CPU
		{00343DD7-DA3D-4D79-B833-9BF3F6D3E2B3}.Debug|Any CPU.Build.0 = Debug|Any CPU
		{00343DD7-DA3D-4D79-B833-9BF3F6D3E2B3}.Release|Any CPU.ActiveCfg = Release|Any CPU
		{00343DD7-DA3D-4D79-B833-9BF3F6D3E2B3}.Release|Any CPU.Build.0 = Release|Any CPU
		{1704526A-15DC-4B10-882E-DA1840D370DA}.Debug|Any CPU.ActiveCfg = Debug|Any CPU
		{1704526A-15DC-4B10-882E-DA1840D370DA}.Debug|Any CPU.Build.0 = Debug|Any CPU
		{1704526A-15DC-4B10-882E-DA1840D370DA}.Release|Any CPU.ActiveCfg = Release|Any CPU
		{1704526A-15DC-4B10-882E-DA1840D370DA}.Release|Any CPU.Build.0 = Release|Any CPU
		{5E6256DB-E0DA-4B1D-B494-7F9F2DD19A2A}.Debug|Any CPU.ActiveCfg = Debug|Any CPU
		{5E6256DB-E0DA-4B1D-B494-7F9F2DD19A2A}.Debug|Any CPU.Build.0 = Debug|Any CPU
		{5E6256DB-E0DA-4B1D-B494-7F9F2DD19A2A}.Release|Any CPU.ActiveCfg = Release|Any CPU
		{5E6256DB-E0DA-4B1D-B494-7F9F2DD19A2A}.Release|Any CPU.Build.0 = Release|Any CPU
		{10D2AE25-E518-470C-9395-3B73A50E507F}.Debug|Any CPU.ActiveCfg = Debug|Any CPU
		{10D2AE25-E518-470C-9395-3B73A50E507F}.Debug|Any CPU.Build.0 = Debug|Any CPU
		{10D2AE25-E518-470C-9395-3B73A50E507F}.Release|Any CPU.ActiveCfg = Release|Any CPU
		{10D2AE25-E518-470C-9395-3B73A50E507F}.Release|Any CPU.Build.0 = Release|Any CPU
		{BEAECA9F-2695-4EE1-9F8C-05F959B398AF}.Debug|Any CPU.ActiveCfg = Debug|Any CPU
		{BEAECA9F-2695-4EE1-9F8C-05F959B398AF}.Debug|Any CPU.Build.0 = Debug|Any CPU
		{BEAECA9F-2695-4EE1-9F8C-05F959B398AF}.Release|Any CPU.ActiveCfg = Release|Any CPU
		{BEAECA9F-2695-4EE1-9F8C-05F959B398AF}.Release|Any CPU.Build.0 = Release|Any CPU
		{9AF8A684-8250-4E23-B7DE-A5B66FAE73F7}.Debug|Any CPU.ActiveCfg = Debug|Any CPU
		{9AF8A684-8250-4E23-B7DE-A5B66FAE73F7}.Debug|Any CPU.Build.0 = Debug|Any CPU
		{9AF8A684-8250-4E23-B7DE-A5B66FAE73F7}.Release|Any CPU.ActiveCfg = Release|Any CPU
		{9AF8A684-8250-4E23-B7DE-A5B66FAE73F7}.Release|Any CPU.Build.0 = Release|Any CPU
	EndGlobalSection
	GlobalSection(SolutionProperties) = preSolution
		HideSolutionNode = FALSE
	EndGlobalSection
	GlobalSection(ExtensibilityGlobals) = postSolution
		SolutionGuid = {A04AB5E4-3E09-4D6C-A3F1-3596FF7DC403}
	EndGlobalSection
EndGlobal
