
Microsoft Visual Studio Solution File, Format Version 12.00
# Visual Studio 15
VisualStudioVersion = 15.0.28307.572
MinimumVisualStudioVersion = 10.0.40219.1
Project("{FAE04EC0-301F-11D3-BF4B-00C04F79EFBC}") = "classnotes0422", "classnotes0422\classnotes0422.csproj", "{3B2A0C9F-E6E1-4714-B63F-08201E05FFC7}"
EndProject
Project("{FAE04EC0-301F-11D3-BF4B-00C04F79EFBC}") = "classnotes0422-for_each_loop", "classnotes0422-for_each_loop\classnotes0422-for_each_loop.csproj", "{7B3CA1FF-75F1-4A19-B9C7-0B2285F10271}"
EndProject
Global
	GlobalSection(SolutionConfigurationPlatforms) = preSolution
		Debug|Any CPU = Debug|Any CPU
		Release|Any CPU = Release|Any CPU
	EndGlobalSection
	GlobalSection(ProjectConfigurationPlatforms) = postSolution
		{3B2A0C9F-E6E1-4714-B63F-08201E05FFC7}.Debug|Any CPU.ActiveCfg = Debug|Any CPU
		{3B2A0C9F-E6E1-4714-B63F-08201E05FFC7}.Debug|Any CPU.Build.0 = Debug|Any CPU
		{3B2A0C9F-E6E1-4714-B63F-08201E05FFC7}.Release|Any CPU.ActiveCfg = Release|Any CPU
		{3B2A0C9F-E6E1-4714-B63F-08201E05FFC7}.Release|Any CPU.Build.0 = Release|Any CPU
		{7B3CA1FF-75F1-4A19-B9C7-0B2285F10271}.Debug|Any CPU.ActiveCfg = Debug|Any CPU
		{7B3CA1FF-75F1-4A19-B9C7-0B2285F10271}.Debug|Any CPU.Build.0 = Debug|Any CPU
		{7B3CA1FF-75F1-4A19-B9C7-0B2285F10271}.Release|Any CPU.ActiveCfg = Release|Any CPU
		{7B3CA1FF-75F1-4A19-B9C7-0B2285F10271}.Release|Any CPU.Build.0 = Release|Any CPU
	EndGlobalSection
	GlobalSection(SolutionProperties) = preSolution
		HideSolutionNode = FALSE
	EndGlobalSection
	GlobalSection(ExtensibilityGlobals) = postSolution
		SolutionGuid = {2BFFE714-7465-4A6D-9C92-AFF065FD45F2}
	EndGlobalSection
EndGlobal
