
Microsoft Visual Studio Solution File, Format Version 12.00
# Visual Studio Version 16
VisualStudioVersion = 16.0.29025.244
MinimumVisualStudioVersion = 10.0.40219.1
Project("{FAE04EC0-301F-11D3-BF4B-00C04F79EFBC}") = "Assessment5", "Assessment5\Assessment5.csproj", "{EBBD3DA6-E23F-4916-97B0-F9F7D29D2382}"
EndProject
Global
	GlobalSection(SolutionConfigurationPlatforms) = preSolution
		Debug|Any CPU = Debug|Any CPU
		Release|Any CPU = Release|Any CPU
	EndGlobalSection
	GlobalSection(ProjectConfigurationPlatforms) = postSolution
		{EBBD3DA6-E23F-4916-97B0-F9F7D29D2382}.Debug|Any CPU.ActiveCfg = Debug|Any CPU
		{EBBD3DA6-E23F-4916-97B0-F9F7D29D2382}.Debug|Any CPU.Build.0 = Debug|Any CPU
		{EBBD3DA6-E23F-4916-97B0-F9F7D29D2382}.Release|Any CPU.ActiveCfg = Release|Any CPU
		{EBBD3DA6-E23F-4916-97B0-F9F7D29D2382}.Release|Any CPU.Build.0 = Release|Any CPU
	EndGlobalSection
	GlobalSection(SolutionProperties) = preSolution
		HideSolutionNode = FALSE
	EndGlobalSection
	GlobalSection(ExtensibilityGlobals) = postSolution
		SolutionGuid = {A66EE3AA-CF51-4BD3-AD6A-A9C77B18A1F5}
	EndGlobalSection
EndGlobal
