
Microsoft Visual Studio Solution File, Format Version 12.00
# Visual Studio Version 16
VisualStudioVersion = 16.0.29025.244
MinimumVisualStudioVersion = 10.0.40219.1
Project("{FAE04EC0-301F-11D3-BF4B-00C04F79EFBC}") = "Assessment7a", "Assessment7a\Assessment7a.csproj", "{01284549-3FA9-4EB7-96F9-E1CE03B1B8D1}"
EndProject
Global
	GlobalSection(SolutionConfigurationPlatforms) = preSolution
		Debug|Any CPU = Debug|Any CPU
		Release|Any CPU = Release|Any CPU
	EndGlobalSection
	GlobalSection(ProjectConfigurationPlatforms) = postSolution
		{01284549-3FA9-4EB7-96F9-E1CE03B1B8D1}.Debug|Any CPU.ActiveCfg = Debug|Any CPU
		{01284549-3FA9-4EB7-96F9-E1CE03B1B8D1}.Debug|Any CPU.Build.0 = Debug|Any CPU
		{01284549-3FA9-4EB7-96F9-E1CE03B1B8D1}.Release|Any CPU.ActiveCfg = Release|Any CPU
		{01284549-3FA9-4EB7-96F9-E1CE03B1B8D1}.Release|Any CPU.Build.0 = Release|Any CPU
	EndGlobalSection
	GlobalSection(SolutionProperties) = preSolution
		HideSolutionNode = FALSE
	EndGlobalSection
	GlobalSection(ExtensibilityGlobals) = postSolution
		SolutionGuid = {3DD1D7DA-C4F0-4779-807F-8D63165614E3}
	EndGlobalSection
EndGlobal
